lockfileVersion: '9.0'

settings:
  autoInstallPeers: true
  excludeLinksFromLockfile: false

importers:

  .:
    dependencies:
      '@minecraft/diagnostics':
        specifier: 1.0.0-beta.1.21.110-preview.20
        version: 1.0.0-beta.1.21.110-preview.20(@minecraft/common@1.2.0)(@minecraft/server-admin@1.0.0-beta.11940b24)
      '@minecraft/server':
        specifier: 2.3.0-beta.1.21.110-preview.20
        version: 2.3.0-beta.1.21.110-preview.20(@minecraft/common@1.2.0)(@minecraft/vanilla-data@1.21.90-preview.20)
      '@minecraft/server-ui':
        specifier: 2.1.0-beta.1.21.110-preview.20
        version: 2.1.0-beta.1.21.110-preview.20(@minecraft/common@1.2.0)(@minecraft/server@2.3.0-beta.1.21.110-preview.20(@minecraft/common@1.2.0)(@minecraft/vanilla-data@1.21.90-preview.20))
      '@occultus/api':
        specifier: ^0.18.1
        version: 0.18.1(@minecraft/server-ui@2.1.0-beta.1.21.110-preview.20(@minecraft/common@1.2.0)(@minecraft/server@2.3.0-beta.1.21.110-preview.20(@minecraft/common@1.2.0)(@minecraft/vanilla-data@1.21.90-preview.20)))(@minecraft/server@2.3.0-beta.1.21.110-preview.20(@minecraft/common@1.2.0)(@minecraft/vanilla-data@1.21.90-preview.20))(@occultus/core@0.18.2(@minecraft/server@2.3.0-beta.1.21.110-preview.20(@minecraft/common@1.2.0)(@minecraft/vanilla-data@1.21.90-preview.20)))
      '@occultus/core':
        specifier: ^0.18.2
        version: 0.18.2(@minecraft/server@2.3.0-beta.1.21.110-preview.20(@minecraft/common@1.2.0)(@minecraft/vanilla-data@1.21.90-preview.20))
      typescript:
        specifier: ^5.8.3
        version: 5.8.3
    devDependencies:
      typedoc:
        specifier: ^0.28.7
        version: 0.28.7(typescript@5.8.3)
      typedoc-material-theme:
        specifier: ^1.4.0
        version: 1.4.0(typedoc@0.28.7(typescript@5.8.3))

packages:

  '@gerrit0/mini-shiki@3.7.0':
    resolution: {integrity: sha512-7iY9wg4FWXmeoFJpUL2u+tsmh0d0jcEJHAIzVxl3TG4KL493JNnisdLAILZ77zcD+z3J0keEXZ+lFzUgzQzPDg==}

  '@material/material-color-utilities@0.3.0':
    resolution: {integrity: sha512-ztmtTd6xwnuh2/xu+Vb01btgV8SQWYCaK56CkRK8gEkWe5TuDyBcYJ0wgkMRn+2VcE9KUmhvkz+N9GHrqw/C0g==}

  '@minecraft/common@1.2.0':
    resolution: {integrity: sha512-JdmEq4P3Z/FtoBzhLijFgMSVFnFRrUoLwY8DHHrgtFo0mfLTOLTB1RErYjLMsA6b7BGVNxkX/pfFRiH7QZ0XwQ==}

  '@minecraft/diagnostics@1.0.0-beta.1.21.110-preview.20':
    resolution: {integrity: sha512-yLgsw5RPLzfPVSGjRJmFz7ey7mdYSVKlG6vX7RRWLT4uJTD7gj0YZkS34yTVyjNaDO63rzgfmSLa1ghZyu1yjw==}
    peerDependencies:
      '@minecraft/common': ^1.0.0
      '@minecraft/server-admin': ^1.0.0-beta.1.21.110-preview.20

  '@minecraft/server-admin@1.0.0-beta.11940b24':
    resolution: {integrity: sha512-UZ8YyB8mvF31f22+uM67gJums9d6NDgz9AQ2l4a++EHUP9uen0m3aaBaqM9RyumJpRBJbv/hslAKOyeDT01qew==}

  '@minecraft/server-ui@2.1.0-beta.1.21.110-preview.20':
    resolution: {integrity: sha512-5RjhaynTikobHhOXclJLJ1yQ7dDkN/7XZHNRTZyYQjsm5boLAGLMhcJx901QCrn9JlFUrpdHtWUUZvUaDP5O1A==}
    peerDependencies:
      '@minecraft/common': ^1.0.0
      '@minecraft/server': ^2.0.0

  '@minecraft/server@2.3.0-beta.1.21.110-preview.20':
    resolution: {integrity: sha512-f/lc6b4l2KyRB4b8YIN+4tmfYu/uU87tlmXfgpyvq47n05EcJOQyvhjIhULYPwZS96zcxt6GeS95PAm6gY6Pxw==}
    peerDependencies:
      '@minecraft/common': ^1.2.0
      '@minecraft/vanilla-data': '>=1.20.70 || 1.21.110-preview.20'

  '@minecraft/vanilla-data@1.21.90-preview.20':
    resolution: {integrity: sha512-VS7P2NKvXgYG3huYqVo6OgMvT2EauOde9GR2KD/Vqer7Yp8ZlK/izMunfPoB9sMUzU1Gj2XuUOHVL9/tZ81ZdQ==}

  '@occultus/api@0.18.1':
    resolution: {integrity: sha512-fPS75+wsJMb2OLZmcQjGuCqurWo4eJr9KrrSEKCFrNPNp3g7dONCCEOAbr07+EhPvRdrmOcZTpWxgnp7V3ez2A==, tarball: https://codeberg.org/api/packages/TeamOccultus/npm/%40occultus%2Fapi/-/0.18.1/api-0.18.1.tgz}
    peerDependencies:
      '@minecraft/server': 2.3.0-beta.1.21.110-preview.20
      '@occultus/core': '>=0.18.2 || <0.19.0'

  '@occultus/article-api@0.18.0':
    resolution: {integrity: sha512-dgdtjQKdGg+QoOIm4zy4l1a/52cu7cPFbTQtXyW5X1iM/QwamRmbGxt9OljICvWp33AfhPte/EbgJh1eteocIg==, tarball: https://codeberg.org/api/packages/TeamOccultus/npm/%40occultus%2Farticle-api/-/0.18.0/article-api-0.18.0.tgz}
    peerDependencies:
      '@minecraft/server': 2.3.0-beta.1.21.110-preview.20
      '@minecraft/server-ui': 2.1.0-beta.1.21.110-preview.20
      '@occultus/core': '>=0.18.2 || <0.19.0'

  '@occultus/artifact-api@0.18.0':
    resolution: {integrity: sha512-7e98xKK2nbeOYwQ4WFb9+lNy/wxDDATpTMkm4gXX59qpRPJQRYMRP47YF9miuuQW8eEvh912yxLDIc+wUp7Klw==, tarball: https://codeberg.org/api/packages/TeamOccultus/npm/%40occultus%2Fartifact-api/-/0.18.0/artifact-api-0.18.0.tgz}
    peerDependencies:
      '@minecraft/server': 2.3.0-beta.1.21.110-preview.20
      '@minecraft/server-ui': 2.1.0-beta.1.21.110-preview.20
      '@occultus/core': '>=0.18.2 || <0.19.0'

  '@occultus/block-api@0.18.0':
    resolution: {integrity: sha512-2Fwsq3ZeceLpdTULginhnI6KdICOq0ojWf2PdFuVPi4I5U156AtQ5bolmIa5TBuTKGURCLUCVpXUnR5qRQYMKg==, tarball: https://codeberg.org/api/packages/TeamOccultus/npm/%40occultus%2Fblock-api/-/0.18.0/block-api-0.18.0.tgz}
    peerDependencies:
      '@minecraft/server': 2.3.0-beta.1.21.110-preview.20
      '@minecraft/server-ui': 2.1.0-beta.1.21.110-preview.20
      '@occultus/core': '>=0.18.2 || <0.19.0'

  '@occultus/common@0.18.0':
    resolution: {integrity: sha512-xA9WsRhsMGQvSU+RnnOC3e7kTZeKalWqcD9aZuZ1/qY9cbV3TqSXSKp7DIfxdiHOQhMFGK+630ouLXbNAcSiAA==, tarball: https://codeberg.org/api/packages/TeamOccultus/npm/%40occultus%2Fcommon/-/0.18.0/common-0.18.0.tgz}
    peerDependencies:
      '@minecraft/server': 2.3.0-beta.1.21.110-preview.20

  '@occultus/core@0.18.2':
    resolution: {integrity: sha512-7h8TnmElgaIt7rBSZgEEuNP2tm3yP6bG17K1AfmoyA75XgAeRz6OFmT/RLKUfkBRgIRNjMj+2QhtFivjAziWUw==, tarball: https://codeberg.org/api/packages/TeamOccultus/npm/%40occultus%2Fcore/-/0.18.2/core-0.18.2.tgz}
    peerDependencies:
      '@minecraft/server': '>=2.0.0'

  '@occultus/entity-api@0.18.0':
    resolution: {integrity: sha512-kfHipHA8DY3U1PqG4vdGaOkDs1kOprgnJh11MgK5C1uHtXpRRX/0fbjJLWG5vvlZAg/LD+E4khTdK8IrZSee6Q==, tarball: https://codeberg.org/api/packages/TeamOccultus/npm/%40occultus%2Fentity-api/-/0.18.0/entity-api-0.18.0.tgz}
    peerDependencies:
      '@minecraft/server': 2.3.0-beta.1.21.110-preview.20
      '@occultus/core': '>=0.18.2 || <0.19.0'
      '@occultus/math-api': 0.18.0

  '@occultus/format-api@0.18.0':
    resolution: {integrity: sha512-k+F32hujEAlTf3B8u1YHsISMgxVBBgtXTpc0tAqIp2ghk5N1KbVC4rDUCw/UiqnPnGDHEEv4z87Nlwl9YoWrUQ==, tarball: https://codeberg.org/api/packages/TeamOccultus/npm/%40occultus%2Fformat-api/-/0.18.0/format-api-0.18.0.tgz}

  '@occultus/item-api@0.18.0':
    resolution: {integrity: sha512-kdtDWtLJ6x8n1eE6OT8iLbacVr80a0sY9Gx4HoqBnogXvZdT0jv9j/U3Qwrp5zG0cAVTgNNPyw9L1urNbOhbow==, tarball: https://codeberg.org/api/packages/TeamOccultus/npm/%40occultus%2Fitem-api/-/0.18.0/item-api-0.18.0.tgz}
    peerDependencies:
      '@minecraft/server': 2.3.0-beta.1.21.110-preview.20
      '@occultus/core': '>=0.18.2 || <0.19.0'

  '@occultus/logger-api@0.18.0':
    resolution: {integrity: sha512-dv7G9ZP4M1zlIbxC4SYmb8XAa0hyb2DBngzB5ZP6wr5gBSxEkDL4cLjukR6MiU8vS2wPvzf9n94Iw36GNh/aRA==, tarball: https://codeberg.org/api/packages/TeamOccultus/npm/%40occultus%2Flogger-api/-/0.18.0/logger-api-0.18.0.tgz}
    peerDependencies:
      '@minecraft/server': 2.3.0-beta.1.21.110-preview.20

  '@occultus/loot-api@0.17.3':
    resolution: {integrity: sha512-nfT86l9oWJxY7+QPA2heBUl6AnNb/VCi8H6TBHx2TMT+uD8HlJYXWduh6bh2DUZyUz71VxjMFpwqfLTSrwW0vQ==, tarball: https://codeberg.org/api/packages/TeamOccultus/npm/%40occultus%2Floot-api/-/0.17.3/loot-api-0.17.3.tgz}
    peerDependencies:
      '@minecraft/server': 2.3.0-beta.1.21.110-preview.20
      '@minecraft/server-ui': 2.1.0-beta.1.21.110-preview.20
      '@occultus/core': '>=0.18.2 || <0.19.0'

  '@occultus/math-api@0.18.0':
    resolution: {integrity: sha512-41EK37q8pKL87OLbDex9HklPwhOpdnoMbjyAG3AYGcK9UFRVThGnD/TQ1fRHEF7u0Ky3CxpJ4JpoBMZGgLs2ag==, tarball: https://codeberg.org/api/packages/TeamOccultus/npm/%40occultus%2Fmath-api/-/0.18.0/math-api-0.18.0.tgz}
    peerDependencies:
      '@minecraft/server': 2.3.0-beta.1.21.110-preview.20
      '@occultus/core': '>=0.18.2 || <0.19.0'

  '@occultus/music-api@0.18.0':
    resolution: {integrity: sha512-Je67zogeveIGEXcZaX+KQIk83q4AEYs+gCceEgy2q2AlImMN/Po77xyKDxq3vtuZPWawLvccocxs0SbsWW4REQ==, tarball: https://codeberg.org/api/packages/TeamOccultus/npm/%40occultus%2Fmusic-api/-/0.18.0/music-api-0.18.0.tgz}
    peerDependencies:
      '@minecraft/server': 2.3.0-beta.1.21.110-preview.20
      '@occultus/core': '>=0.18.2 || <0.19.0'

  '@occultus/notification-api@0.18.0':
    resolution: {integrity: sha512-uuOQUsHQh212zITDiiipeiUK6zwuUyrgo4qy2phzzwNYiy749ojg7HTNa8Gs8iuzhi94QMLMMiSTTPgiTWS+Wg==, tarball: https://codeberg.org/api/packages/TeamOccultus/npm/%40occultus%2Fnotification-api/-/0.18.0/notification-api-0.18.0.tgz}
    peerDependencies:
      '@minecraft/server': 2.3.0-beta.1.21.110-preview.20
      '@occultus/core': '>=0.18.2 || <0.19.0'

  '@occultus/random-api@0.18.0':
    resolution: {integrity: sha512-vj1VUoxoL21F9AL7Stl6Gh004Wv/kUTMdu1WKzj+972zoAdL5hEGTPxzYAECaOrbCfCUv0yZLrhVUZXWovTWBA==, tarball: https://codeberg.org/api/packages/TeamOccultus/npm/%40occultus%2Frandom-api/-/0.18.0/random-api-0.18.0.tgz}
    peerDependencies:
      '@minecraft/server': 2.3.0-beta.1.21.110-preview.20
      '@occultus/core': '>=0.18.2 || <0.19.0'

  '@occultus/skill-api@0.18.0':
    resolution: {integrity: sha512-gfWwdO0XhmIm7FJJZkOCZA8IljljdiGjsHoIA5L/qAfb85amj98BKqAO6KCfewgUmAgYFAGhEKdm1rms2lc8zg==, tarball: https://codeberg.org/api/packages/TeamOccultus/npm/%40occultus%2Fskill-api/-/0.18.0/skill-api-0.18.0.tgz}
    peerDependencies:
      '@minecraft/server': 2.3.0-beta.1.21.110-preview.20
      '@occultus/core': '>=0.18.2 || <0.19.0'

  '@occultus/task-api@0.18.0':
    resolution: {integrity: sha512-QLFceqEksnhURcSw9MLVqS8p5jrPCtuQZ/UgvasqJLGz+Sj6DBWGa23mOQ1QPRowa/qz5edEZoxpVyJQ3tVkrw==, tarball: https://codeberg.org/api/packages/TeamOccultus/npm/%40occultus%2Ftask-api/-/0.18.0/task-api-0.18.0.tgz}
    peerDependencies:
      '@minecraft/server': 2.3.0-beta.1.21.110-preview.20
      '@minecraft/server-ui': 2.1.0-beta.1.21.110-preview.20
      '@occultus/core': '>=0.18.2 || <0.19.0'

  '@occultus/text-api@0.18.0':
    resolution: {integrity: sha512-JS3F+qOenyWMHRd0XJF/qQi5lK1CIWgF9wTRe+qU93VzCJUN0CtHt+5K7sXZ0shxwzkyFflfz2ghKqxkmaCTwA==, tarball: https://codeberg.org/api/packages/TeamOccultus/npm/%40occultus%2Ftext-api/-/0.18.0/text-api-0.18.0.tgz}
    peerDependencies:
      '@minecraft/server': 2.3.0-beta.1.21.110-preview.20
      '@occultus/core': '>=0.18.2 || <0.19.0'

  '@occultus/time-api@0.18.0':
    resolution: {integrity: sha512-K60UtGsHB2jVvEFPZV7wrBUbkhyMKgboQ3XFaomlUJBFHNVpArw+pUgYhP2DrbWnCaf0hQkxQ3nruBI20QIzKg==, tarball: https://codeberg.org/api/packages/TeamOccultus/npm/%40occultus%2Ftime-api/-/0.18.0/time-api-0.18.0.tgz}
    peerDependencies:
      '@minecraft/server': 2.3.0-beta.1.21.110-preview.20
      '@occultus/core': '>=0.18.2 || <0.19.0'

  '@shikijs/engine-oniguruma@3.7.0':
    resolution: {integrity: sha512-5BxcD6LjVWsGu4xyaBC5bu8LdNgPCVBnAkWTtOCs/CZxcB22L8rcoWfv7Hh/3WooVjBZmFtyxhgvkQFedPGnFw==}

  '@shikijs/langs@3.7.0':
    resolution: {integrity: sha512-1zYtdfXLr9xDKLTGy5kb7O0zDQsxXiIsw1iIBcNOO8Yi5/Y1qDbJ+0VsFoqTlzdmneO8Ij35g7QKF8kcLyznCQ==}

  '@shikijs/themes@3.7.0':
    resolution: {integrity: sha512-VJx8497iZPy5zLiiCTSIaOChIcKQwR0FebwE9S3rcN0+J/GTWwQ1v/bqhTbpbY3zybPKeO8wdammqkpXc4NVjQ==}

  '@shikijs/types@3.7.0':
    resolution: {integrity: sha512-MGaLeaRlSWpnP0XSAum3kP3a8vtcTsITqoEPYdt3lQG3YCdQH4DnEhodkYcNMcU0uW0RffhoD1O3e0vG5eSBBg==}

  '@shikijs/vscode-textmate@10.0.2':
    resolution: {integrity: sha512-83yeghZ2xxin3Nj8z1NMd/NCuca+gsYXswywDy5bHvwlWL8tpTQmzGeUuHd9FC3E/SBEMvzJRwWEOz5gGes9Qg==}

  '@types/hast@3.0.4':
    resolution: {integrity: sha512-WPs+bbQw5aCj+x6laNGWLH3wviHtoCv/P3+otBhbOhJgG8qtpdAMlTCxLtsTWA7LH1Oh/bFCHsBn0TPS5m30EQ==}

  '@types/unist@3.0.3':
    resolution: {integrity: sha512-ko/gIFJRv177XgZsZcBwnqJN5x/Gien8qNOn0D5bQU/zAzVf9Zt3BlcUiLqhV9y4ARk0GbT3tnUiPNgnTXzc/Q==}

  argparse@2.0.1:
    resolution: {integrity: sha512-8+9WqebbFzpX9OR+Wa6O29asIogeRMzcGtAINdpMHHyAg10f05aSFVBbcEqGf/PXw1EjAZ+q2/bEBg3DvurK3Q==}

  balanced-match@1.0.2:
    resolution: {integrity: sha512-3oSeUO0TMV67hN1AmbXsK4yaqU7tjiHlbxRDZOpH0KW9+CeX4bRAaX0Anxt0tx2MrpRpWwQaPwIlISEJhYU5Pw==}

  brace-expansion@2.0.1:
    resolution: {integrity: sha512-XnAIvQ8eM+kC6aULx6wuQiwVsnzsi9d3WxzV3FpWTGA19F621kwdbsAcFKXgKUHZWsy+mY6iL1sHTxWEFCytDA==}

  entities@4.5.0:
    resolution: {integrity: sha512-V0hjH4dGPh9Ao5p0MoRY6BVqtwCjhz6vI5LT8AJ55H+4g9/4vbHx1I54fS0XuclLhDHArPQCiMjDxjaL8fPxhw==}
    engines: {node: '>=0.12'}

  linkify-it@5.0.0:
    resolution: {integrity: sha512-5aHCbzQRADcdP+ATqnDuhhJ/MRIqDkZX5pyjFHRRysS8vZ5AbqGEoFIb6pYHPZ+L/OC2Lc+xT8uHVVR5CAK/wQ==}

  lunr@2.3.9:
    resolution: {integrity: sha512-zTU3DaZaF3Rt9rhN3uBMGQD3dD2/vFQqnvZCDv4dl5iOzq2IZQqTxu90r4E5J+nP70J3ilqVCrbho2eWaeW8Ow==}

  markdown-it@14.1.0:
    resolution: {integrity: sha512-a54IwgWPaeBCAAsv13YgmALOF1elABB08FxO9i+r4VFk5Vl4pKokRPeX8u5TCgSsPi6ec1otfLjdOpVcgbpshg==}
    hasBin: true

  mdurl@2.0.0:
    resolution: {integrity: sha512-Lf+9+2r+Tdp5wXDXC4PcIBjTDtq4UKjCPMQhKIuzpJNW0b96kVqSwW0bT7FhRSfmAiFYgP+SCRvdrDozfh0U5w==}

  minimatch@9.0.5:
    resolution: {integrity: sha512-G6T0ZX48xgozx7587koeX9Ys2NYy6Gmv//P89sEte9V9whIapMNF4idKxnW2QtCcLiTWlb/wfCabAtAFWhhBow==}
    engines: {node: '>=16 || 14 >=14.17'}

  punycode.js@2.3.1:
    resolution: {integrity: sha512-uxFIHU0YlHYhDQtV4R9J6a52SLx28BCjT+4ieh7IGbgwVJWO+km431c4yRlREUAsAmt/uMjQUyQHNEPf0M39CA==}
    engines: {node: '>=6'}

  typedoc-material-theme@1.4.0:
    resolution: {integrity: sha512-TBoBpX/4zWO6l74/wBLivXHC2rIiD70KXMliYrw1KhcqdybyxkVBLP5z8KiJuNV8aQIeS+rK2QG6GSucQHJQDQ==}
    engines: {node: '>=18.0.0', npm: '>=8.6.0'}
    peerDependencies:
      typedoc: ^0.25.13 || ^0.26.x || ^0.27.x || ^0.28.x

  typedoc@0.28.7:
    resolution: {integrity: sha512-lpz0Oxl6aidFkmS90VQDQjk/Qf2iw0IUvFqirdONBdj7jPSN9mGXhy66BcGNDxx5ZMyKKiBVAREvPEzT6Uxipw==}
    engines: {node: '>= 18', pnpm: '>= 10'}
    hasBin: true
    peerDependencies:
      typescript: 5.0.x || 5.1.x || 5.2.x || 5.3.x || 5.4.x || 5.5.x || 5.6.x || 5.7.x || 5.8.x

  typescript@5.8.3:
    resolution: {integrity: sha512-p1diW6TqL9L07nNxvRMM7hMMw4c5XOo/1ibL4aAIGmSAt9slTE1Xgw5KWuof2uTOvCg9BY7ZRi+GaF+7sfgPeQ==}
    engines: {node: '>=14.17'}
    hasBin: true

  uc.micro@2.1.0:
    resolution: {integrity: sha512-ARDJmphmdvUk6Glw7y9DQ2bFkKBHwQHLi2lsaH6PPmz/Ka9sFOBsBluozhDltWmnv9u/cF6Rt87znRTPV+yp/A==}

  yaml@2.8.0:
    resolution: {integrity: sha512-4lLa/EcQCB0cJkyts+FpIRx5G/llPxfP6VQU5KByHEhLxY3IJCH0f0Hy1MHI8sClTvsIb8qwRJ6R/ZdlDJ/leQ==}
    engines: {node: '>= 14.6'}
    hasBin: true

snapshots:

  '@gerrit0/mini-shiki@3.7.0':
    dependencies:
      '@shikijs/engine-oniguruma': 3.7.0
      '@shikijs/langs': 3.7.0
      '@shikijs/themes': 3.7.0
      '@shikijs/types': 3.7.0
      '@shikijs/vscode-textmate': 10.0.2

  '@material/material-color-utilities@0.3.0': {}

  '@minecraft/common@1.2.0': {}

  '@minecraft/diagnostics@1.0.0-beta.1.21.110-preview.20(@minecraft/common@1.2.0)(@minecraft/server-admin@1.0.0-beta.11940b24)':
    dependencies:
      '@minecraft/common': 1.2.0
      '@minecraft/server-admin': 1.0.0-beta.11940b24

  '@minecraft/server-admin@1.0.0-beta.11940b24': {}

  '@minecraft/server-ui@2.1.0-beta.1.21.110-preview.20(@minecraft/common@1.2.0)(@minecraft/server@2.3.0-beta.1.21.110-preview.20(@minecraft/common@1.2.0)(@minecraft/vanilla-data@1.21.90-preview.20))':
    dependencies:
      '@minecraft/common': 1.2.0
      '@minecraft/server': 2.3.0-beta.1.21.110-preview.20(@minecraft/common@1.2.0)(@minecraft/vanilla-data@1.21.90-preview.20)

  '@minecraft/server@2.3.0-beta.1.21.110-preview.20(@minecraft/common@1.2.0)(@minecraft/vanilla-data@1.21.90-preview.20)':
    dependencies:
      '@minecraft/common': 1.2.0
      '@minecraft/vanilla-data': 1.21.90-preview.20

  '@minecraft/vanilla-data@1.21.90-preview.20': {}

  '@occultus/api@0.18.1(@minecraft/server-ui@2.1.0-beta.1.21.110-preview.20(@minecraft/common@1.2.0)(@minecraft/server@2.3.0-beta.1.21.110-preview.20(@minecraft/common@1.2.0)(@minecraft/vanilla-data@1.21.90-preview.20)))(@minecraft/server@2.3.0-beta.1.21.110-preview.20(@minecraft/common@1.2.0)(@minecraft/vanilla-data@1.21.90-preview.20))(@occultus/core@0.18.2(@minecraft/server@2.3.0-beta.1.21.110-preview.20(@minecraft/common@1.2.0)(@minecraft/vanilla-data@1.21.90-preview.20)))':
    dependencies:
      '@minecraft/server': 2.3.0-beta.1.21.110-preview.20(@minecraft/common@1.2.0)(@minecraft/vanilla-data@1.21.90-preview.20)
      '@occultus/article-api': 0.18.0(@minecraft/server-ui@2.1.0-beta.1.21.110-preview.20(@minecraft/common@1.2.0)(@minecraft/server@2.3.0-beta.1.21.110-preview.20(@minecraft/common@1.2.0)(@minecraft/vanilla-data@1.21.90-preview.20)))(@minecraft/server@2.3.0-beta.1.21.110-preview.20(@minecraft/common@1.2.0)(@minecraft/vanilla-data@1.21.90-preview.20))(@occultus/core@0.18.2(@minecraft/server@2.3.0-beta.1.21.110-preview.20(@minecraft/common@1.2.0)(@minecraft/vanilla-data@1.21.90-preview.20)))
      '@occultus/artifact-api': 0.18.0(@minecraft/server-ui@2.1.0-beta.1.21.110-preview.20(@minecraft/common@1.2.0)(@minecraft/server@2.3.0-beta.1.21.110-preview.20(@minecraft/common@1.2.0)(@minecraft/vanilla-data@1.21.90-preview.20)))(@minecraft/server@2.3.0-beta.1.21.110-preview.20(@minecraft/common@1.2.0)(@minecraft/vanilla-data@1.21.90-preview.20))(@occultus/core@0.18.2(@minecraft/server@2.3.0-beta.1.21.110-preview.20(@minecraft/common@1.2.0)(@minecraft/vanilla-data@1.21.90-preview.20)))(@occultus/math-api@0.18.0(@minecraft/server@2.3.0-beta.1.21.110-preview.20(@minecraft/common@1.2.0)(@minecraft/vanilla-data@1.21.90-preview.20))(@occultus/core@0.18.2(@minecraft/server@2.3.0-beta.1.21.110-preview.20(@minecraft/common@1.2.0)(@minecraft/vanilla-data@1.21.90-preview.20))))
      '@occultus/block-api': 0.18.0(@minecraft/server-ui@2.1.0-beta.1.21.110-preview.20(@minecraft/common@1.2.0)(@minecraft/server@2.3.0-beta.1.21.110-preview.20(@minecraft/common@1.2.0)(@minecraft/vanilla-data@1.21.90-preview.20)))(@minecraft/server@2.3.0-beta.1.21.110-preview.20(@minecraft/common@1.2.0)(@minecraft/vanilla-data@1.21.90-preview.20))(@occultus/core@0.18.2(@minecraft/server@2.3.0-beta.1.21.110-preview.20(@minecraft/common@1.2.0)(@minecraft/vanilla-data@1.21.90-preview.20)))(@occultus/math-api@0.18.0(@minecraft/server@2.3.0-beta.1.21.110-preview.20(@minecraft/common@1.2.0)(@minecraft/vanilla-data@1.21.90-preview.20))(@occultus/core@0.18.2(@minecraft/server@2.3.0-beta.1.21.110-preview.20(@minecraft/common@1.2.0)(@minecraft/vanilla-data@1.21.90-preview.20))))
      '@occultus/common': 0.18.0(@minecraft/server@2.3.0-beta.1.21.110-preview.20(@minecraft/common@1.2.0)(@minecraft/vanilla-data@1.21.90-preview.20))
      '@occultus/core': 0.18.2(@minecraft/server@2.3.0-beta.1.21.110-preview.20(@minecraft/common@1.2.0)(@minecraft/vanilla-data@1.21.90-preview.20))
      '@occultus/entity-api': 0.18.0(@minecraft/server@2.3.0-beta.1.21.110-preview.20(@minecraft/common@1.2.0)(@minecraft/vanilla-data@1.21.90-preview.20))(@occultus/core@0.18.2(@minecraft/server@2.3.0-beta.1.21.110-preview.20(@minecraft/common@1.2.0)(@minecraft/vanilla-data@1.21.90-preview.20)))(@occultus/math-api@0.18.0(@minecraft/server@2.3.0-beta.1.21.110-preview.20(@minecraft/common@1.2.0)(@minecraft/vanilla-data@1.21.90-preview.20))(@occultus/core@0.18.2(@minecraft/server@2.3.0-beta.1.21.110-preview.20(@minecraft/common@1.2.0)(@minecraft/vanilla-data@1.21.90-preview.20))))
      '@occultus/format-api': 0.18.0
      '@occultus/item-api': 0.18.0(@minecraft/server@2.3.0-beta.1.21.110-preview.20(@minecraft/common@1.2.0)(@minecraft/vanilla-data@1.21.90-preview.20))(@occultus/core@0.18.2(@minecraft/server@2.3.0-beta.1.21.110-preview.20(@minecraft/common@1.2.0)(@minecraft/vanilla-data@1.21.90-preview.20)))
      '@occultus/logger-api': 0.18.0(@minecraft/server@2.3.0-beta.1.21.110-preview.20(@minecraft/common@1.2.0)(@minecraft/vanilla-data@1.21.90-preview.20))(@occultus/core@0.18.2(@minecraft/server@2.3.0-beta.1.21.110-preview.20(@minecraft/common@1.2.0)(@minecraft/vanilla-data@1.21.90-preview.20)))
      '@occultus/loot-api': 0.17.3(@minecraft/server-ui@2.1.0-beta.1.21.110-preview.20(@minecraft/common@1.2.0)(@minecraft/server@2.3.0-beta.1.21.110-preview.20(@minecraft/common@1.2.0)(@minecraft/vanilla-data@1.21.90-preview.20)))(@minecraft/server@2.3.0-beta.1.21.110-preview.20(@minecraft/common@1.2.0)(@minecraft/vanilla-data@1.21.90-preview.20))(@occultus/core@0.18.2(@minecraft/server@2.3.0-beta.1.21.110-preview.20(@minecraft/common@1.2.0)(@minecraft/vanilla-data@1.21.90-preview.20)))
      '@occultus/math-api': 0.18.0(@minecraft/server@2.3.0-beta.1.21.110-preview.20(@minecraft/common@1.2.0)(@minecraft/vanilla-data@1.21.90-preview.20))(@occultus/core@0.18.2(@minecraft/server@2.3.0-beta.1.21.110-preview.20(@minecraft/common@1.2.0)(@minecraft/vanilla-data@1.21.90-preview.20)))
      '@occultus/music-api': 0.18.0(@minecraft/server@2.3.0-beta.1.21.110-preview.20(@minecraft/common@1.2.0)(@minecraft/vanilla-data@1.21.90-preview.20))(@occultus/core@0.18.2(@minecraft/server@2.3.0-beta.1.21.110-preview.20(@minecraft/common@1.2.0)(@minecraft/vanilla-data@1.21.90-preview.20)))
      '@occultus/notification-api': 0.18.0(@minecraft/server@2.3.0-beta.1.21.110-preview.20(@minecraft/common@1.2.0)(@minecraft/vanilla-data@1.21.90-preview.20))(@occultus/core@0.18.2(@minecraft/server@2.3.0-beta.1.21.110-preview.20(@minecraft/common@1.2.0)(@minecraft/vanilla-data@1.21.90-preview.20)))
      '@occultus/random-api': 0.18.0(@minecraft/server@2.3.0-beta.1.21.110-preview.20(@minecraft/common@1.2.0)(@minecraft/vanilla-data@1.21.90-preview.20))(@occultus/core@0.18.2(@minecraft/server@2.3.0-beta.1.21.110-preview.20(@minecraft/common@1.2.0)(@minecraft/vanilla-data@1.21.90-preview.20)))
      '@occultus/skill-api': 0.18.0(@minecraft/server@2.3.0-beta.1.21.110-preview.20(@minecraft/common@1.2.0)(@minecraft/vanilla-data@1.21.90-preview.20))(@occultus/core@0.18.2(@minecraft/server@2.3.0-beta.1.21.110-preview.20(@minecraft/common@1.2.0)(@minecraft/vanilla-data@1.21.90-preview.20)))(@occultus/math-api@0.18.0(@minecraft/server@2.3.0-beta.1.21.110-preview.20(@minecraft/common@1.2.0)(@minecraft/vanilla-data@1.21.90-preview.20))(@occultus/core@0.18.2(@minecraft/server@2.3.0-beta.1.21.110-preview.20(@minecraft/common@1.2.0)(@minecraft/vanilla-data@1.21.90-preview.20))))
      '@occultus/task-api': 0.18.0(@minecraft/server-ui@2.1.0-beta.1.21.110-preview.20(@minecraft/common@1.2.0)(@minecraft/server@2.3.0-beta.1.21.110-preview.20(@minecraft/common@1.2.0)(@minecraft/vanilla-data@1.21.90-preview.20)))(@minecraft/server@2.3.0-beta.1.21.110-preview.20(@minecraft/common@1.2.0)(@minecraft/vanilla-data@1.21.90-preview.20))(@occultus/core@0.18.2(@minecraft/server@2.3.0-beta.1.21.110-preview.20(@minecraft/common@1.2.0)(@minecraft/vanilla-data@1.21.90-preview.20)))(@occultus/math-api@0.18.0(@minecraft/server@2.3.0-beta.1.21.110-preview.20(@minecraft/common@1.2.0)(@minecraft/vanilla-data@1.21.90-preview.20))(@occultus/core@0.18.2(@minecraft/server@2.3.0-beta.1.21.110-preview.20(@minecraft/common@1.2.0)(@minecraft/vanilla-data@1.21.90-preview.20))))
      '@occultus/text-api': 0.18.0(@minecraft/server@2.3.0-beta.1.21.110-preview.20(@minecraft/common@1.2.0)(@minecraft/vanilla-data@1.21.90-preview.20))(@occultus/core@0.18.2(@minecraft/server@2.3.0-beta.1.21.110-preview.20(@minecraft/common@1.2.0)(@minecraft/vanilla-data@1.21.90-preview.20)))
      '@occultus/time-api': 0.18.0(@minecraft/server@2.3.0-beta.1.21.110-preview.20(@minecraft/common@1.2.0)(@minecraft/vanilla-data@1.21.90-preview.20))(@occultus/core@0.18.2(@minecraft/server@2.3.0-beta.1.21.110-preview.20(@minecraft/common@1.2.0)(@minecraft/vanilla-data@1.21.90-preview.20)))
    transitivePeerDependencies:
      - '@minecraft/server-ui'

  '@occultus/article-api@0.18.0(@minecraft/server-ui@2.1.0-beta.1.21.110-preview.20(@minecraft/common@1.2.0)(@minecraft/server@2.3.0-beta.1.21.110-preview.20(@minecraft/common@1.2.0)(@minecraft/vanilla-data@1.21.90-preview.20)))(@minecraft/server@2.3.0-beta.1.21.110-preview.20(@minecraft/common@1.2.0)(@minecraft/vanilla-data@1.21.90-preview.20))(@occultus/core@0.18.2(@minecraft/server@2.3.0-beta.1.21.110-preview.20(@minecraft/common@1.2.0)(@minecraft/vanilla-data@1.21.90-preview.20)))':
    dependencies:
      '@minecraft/server': 2.3.0-beta.1.21.110-preview.20(@minecraft/common@1.2.0)(@minecraft/vanilla-data@1.21.90-preview.20)
      '@minecraft/server-ui': 2.1.0-beta.1.21.110-preview.20(@minecraft/common@1.2.0)(@minecraft/server@2.3.0-beta.1.21.110-preview.20(@minecraft/common@1.2.0)(@minecraft/vanilla-data@1.21.90-preview.20))
      '@occultus/core': 0.18.2(@minecraft/server@2.3.0-beta.1.21.110-preview.20(@minecraft/common@1.2.0)(@minecraft/vanilla-data@1.21.90-preview.20))
      '@occultus/text-api': 0.18.0(@minecraft/server@2.3.0-beta.1.21.110-preview.20(@minecraft/common@1.2.0)(@minecraft/vanilla-data@1.21.90-preview.20))(@occultus/core@0.18.2(@minecraft/server@2.3.0-beta.1.21.110-preview.20(@minecraft/common@1.2.0)(@minecraft/vanilla-data@1.21.90-preview.20)))

  '@occultus/artifact-api@0.18.0(@minecraft/server-ui@2.1.0-beta.1.21.110-preview.20(@minecraft/common@1.2.0)(@minecraft/server@2.3.0-beta.1.21.110-preview.20(@minecraft/common@1.2.0)(@minecraft/vanilla-data@1.21.90-preview.20)))(@minecraft/server@2.3.0-beta.1.21.110-preview.20(@minecraft/common@1.2.0)(@minecraft/vanilla-data@1.21.90-preview.20))(@occultus/core@0.18.2(@minecraft/server@2.3.0-beta.1.21.110-preview.20(@minecraft/common@1.2.0)(@minecraft/vanilla-data@1.21.90-preview.20)))(@occultus/math-api@0.18.0(@minecraft/server@2.3.0-beta.1.21.110-preview.20(@minecraft/common@1.2.0)(@minecraft/vanilla-data@1.21.90-preview.20))(@occultus/core@0.18.2(@minecraft/server@2.3.0-beta.1.21.110-preview.20(@minecraft/common@1.2.0)(@minecraft/vanilla-data@1.21.90-preview.20))))':
    dependencies:
      '@minecraft/server': 2.3.0-beta.1.21.110-preview.20(@minecraft/common@1.2.0)(@minecraft/vanilla-data@1.21.90-preview.20)
      '@minecraft/server-ui': 2.1.0-beta.1.21.110-preview.20(@minecraft/common@1.2.0)(@minecraft/server@2.3.0-beta.1.21.110-preview.20(@minecraft/common@1.2.0)(@minecraft/vanilla-data@1.21.90-preview.20))
      '@occultus/core': 0.18.2(@minecraft/server@2.3.0-beta.1.21.110-preview.20(@minecraft/common@1.2.0)(@minecraft/vanilla-data@1.21.90-preview.20))
      '@occultus/entity-api': 0.18.0(@minecraft/server@2.3.0-beta.1.21.110-preview.20(@minecraft/common@1.2.0)(@minecraft/vanilla-data@1.21.90-preview.20))(@occultus/core@0.18.2(@minecraft/server@2.3.0-beta.1.21.110-preview.20(@minecraft/common@1.2.0)(@minecraft/vanilla-data@1.21.90-preview.20)))(@occultus/math-api@0.18.0(@minecraft/server@2.3.0-beta.1.21.110-preview.20(@minecraft/common@1.2.0)(@minecraft/vanilla-data@1.21.90-preview.20))(@occultus/core@0.18.2(@minecraft/server@2.3.0-beta.1.21.110-preview.20(@minecraft/common@1.2.0)(@minecraft/vanilla-data@1.21.90-preview.20))))
      '@occultus/format-api': 0.18.0
      '@occultus/text-api': 0.18.0(@minecraft/server@2.3.0-beta.1.21.110-preview.20(@minecraft/common@1.2.0)(@minecraft/vanilla-data@1.21.90-preview.20))(@occultus/core@0.18.2(@minecraft/server@2.3.0-beta.1.21.110-preview.20(@minecraft/common@1.2.0)(@minecraft/vanilla-data@1.21.90-preview.20)))
    transitivePeerDependencies:
      - '@occultus/math-api'

  '@occultus/block-api@0.18.0(@minecraft/server-ui@2.1.0-beta.1.21.110-preview.20(@minecraft/common@1.2.0)(@minecraft/server@2.3.0-beta.1.21.110-preview.20(@minecraft/common@1.2.0)(@minecraft/vanilla-data@1.21.90-preview.20)))(@minecraft/server@2.3.0-beta.1.21.110-preview.20(@minecraft/common@1.2.0)(@minecraft/vanilla-data@1.21.90-preview.20))(@occultus/core@0.18.2(@minecraft/server@2.3.0-beta.1.21.110-preview.20(@minecraft/common@1.2.0)(@minecraft/vanilla-data@1.21.90-preview.20)))(@occultus/math-api@0.18.0(@minecraft/server@2.3.0-beta.1.21.110-preview.20(@minecraft/common@1.2.0)(@minecraft/vanilla-data@1.21.90-preview.20))(@occultus/core@0.18.2(@minecraft/server@2.3.0-beta.1.21.110-preview.20(@minecraft/common@1.2.0)(@minecraft/vanilla-data@1.21.90-preview.20))))':
    dependencies:
      '@minecraft/server': 2.3.0-beta.1.21.110-preview.20(@minecraft/common@1.2.0)(@minecraft/vanilla-data@1.21.90-preview.20)
      '@minecraft/server-ui': 2.1.0-beta.1.21.110-preview.20(@minecraft/common@1.2.0)(@minecraft/server@2.3.0-beta.1.21.110-preview.20(@minecraft/common@1.2.0)(@minecraft/vanilla-data@1.21.90-preview.20))
      '@occultus/core': 0.18.2(@minecraft/server@2.3.0-beta.1.21.110-preview.20(@minecraft/common@1.2.0)(@minecraft/vanilla-data@1.21.90-preview.20))
      '@occultus/entity-api': 0.18.0(@minecraft/server@2.3.0-beta.1.21.110-preview.20(@minecraft/common@1.2.0)(@minecraft/vanilla-data@1.21.90-preview.20))(@occultus/core@0.18.2(@minecraft/server@2.3.0-beta.1.21.110-preview.20(@minecraft/common@1.2.0)(@minecraft/vanilla-data@1.21.90-preview.20)))(@occultus/math-api@0.18.0(@minecraft/server@2.3.0-beta.1.21.110-preview.20(@minecraft/common@1.2.0)(@minecraft/vanilla-data@1.21.90-preview.20))(@occultus/core@0.18.2(@minecraft/server@2.3.0-beta.1.21.110-preview.20(@minecraft/common@1.2.0)(@minecraft/vanilla-data@1.21.90-preview.20))))
      '@occultus/item-api': 0.18.0(@minecraft/server@2.3.0-beta.1.21.110-preview.20(@minecraft/common@1.2.0)(@minecraft/vanilla-data@1.21.90-preview.20))(@occultus/core@0.18.2(@minecraft/server@2.3.0-beta.1.21.110-preview.20(@minecraft/common@1.2.0)(@minecraft/vanilla-data@1.21.90-preview.20)))
      '@occultus/loot-api': 0.17.3(@minecraft/server-ui@2.1.0-beta.1.21.110-preview.20(@minecraft/common@1.2.0)(@minecraft/server@2.3.0-beta.1.21.110-preview.20(@minecraft/common@1.2.0)(@minecraft/vanilla-data@1.21.90-preview.20)))(@minecraft/server@2.3.0-beta.1.21.110-preview.20(@minecraft/common@1.2.0)(@minecraft/vanilla-data@1.21.90-preview.20))(@occultus/core@0.18.2(@minecraft/server@2.3.0-beta.1.21.110-preview.20(@minecraft/common@1.2.0)(@minecraft/vanilla-data@1.21.90-preview.20)))
    transitivePeerDependencies:
      - '@occultus/math-api'

  '@occultus/common@0.18.0(@minecraft/server@2.3.0-beta.1.21.110-preview.20(@minecraft/common@1.2.0)(@minecraft/vanilla-data@1.21.90-preview.20))':
    dependencies:
      '@minecraft/server': 2.3.0-beta.1.21.110-preview.20(@minecraft/common@1.2.0)(@minecraft/vanilla-data@1.21.90-preview.20)

  '@occultus/core@0.18.2(@minecraft/server@2.3.0-beta.1.21.110-preview.20(@minecraft/common@1.2.0)(@minecraft/vanilla-data@1.21.90-preview.20))':
    dependencies:
      '@minecraft/server': 2.3.0-beta.1.21.110-preview.20(@minecraft/common@1.2.0)(@minecraft/vanilla-data@1.21.90-preview.20)
      typescript: 5.8.3

  '@occultus/entity-api@0.18.0(@minecraft/server@2.3.0-beta.1.21.110-preview.20(@minecraft/common@1.2.0)(@minecraft/vanilla-data@1.21.90-preview.20))(@occultus/core@0.18.2(@minecraft/server@2.3.0-beta.1.21.110-preview.20(@minecraft/common@1.2.0)(@minecraft/vanilla-data@1.21.90-preview.20)))(@occultus/math-api@0.18.0(@minecraft/server@2.3.0-beta.1.21.110-preview.20(@minecraft/common@1.2.0)(@minecraft/vanilla-data@1.21.90-preview.20))(@occultus/core@0.18.2(@minecraft/server@2.3.0-beta.1.21.110-preview.20(@minecraft/common@1.2.0)(@minecraft/vanilla-data@1.21.90-preview.20))))':
    dependencies:
      '@minecraft/server': 2.3.0-beta.1.21.110-preview.20(@minecraft/common@1.2.0)(@minecraft/vanilla-data@1.21.90-preview.20)
      '@occultus/common': 0.18.0(@minecraft/server@2.3.0-beta.1.21.110-preview.20(@minecraft/common@1.2.0)(@minecraft/vanilla-data@1.21.90-preview.20))
      '@occultus/core': 0.18.2(@minecraft/server@2.3.0-beta.1.21.110-preview.20(@minecraft/common@1.2.0)(@minecraft/vanilla-data@1.21.90-preview.20))
      '@occultus/math-api': 0.18.0(@minecraft/server@2.3.0-beta.1.21.110-preview.20(@minecraft/common@1.2.0)(@minecraft/vanilla-data@1.21.90-preview.20))(@occultus/core@0.18.2(@minecraft/server@2.3.0-beta.1.21.110-preview.20(@minecraft/common@1.2.0)(@minecraft/vanilla-data@1.21.90-preview.20)))

  '@occultus/format-api@0.18.0': {}

  '@occultus/item-api@0.18.0(@minecraft/server@2.3.0-beta.1.21.110-preview.20(@minecraft/common@1.2.0)(@minecraft/vanilla-data@1.21.90-preview.20))(@occultus/core@0.18.2(@minecraft/server@2.3.0-beta.1.21.110-preview.20(@minecraft/common@1.2.0)(@minecraft/vanilla-data@1.21.90-preview.20)))':
    dependencies:
      '@minecraft/server': 2.3.0-beta.1.21.110-preview.20(@minecraft/common@1.2.0)(@minecraft/vanilla-data@1.21.90-preview.20)
      '@occultus/common': 0.18.0(@minecraft/server@2.3.0-beta.1.21.110-preview.20(@minecraft/common@1.2.0)(@minecraft/vanilla-data@1.21.90-preview.20))
      '@occultus/core': 0.18.2(@minecraft/server@2.3.0-beta.1.21.110-preview.20(@minecraft/common@1.2.0)(@minecraft/vanilla-data@1.21.90-preview.20))
      '@occultus/entity-api': 0.18.0(@minecraft/server@2.3.0-beta.1.21.110-preview.20(@minecraft/common@1.2.0)(@minecraft/vanilla-data@1.21.90-preview.20))(@occultus/core@0.18.2(@minecraft/server@2.3.0-beta.1.21.110-preview.20(@minecraft/common@1.2.0)(@minecraft/vanilla-data@1.21.90-preview.20)))(@occultus/math-api@0.18.0(@minecraft/server@2.3.0-beta.1.21.110-preview.20(@minecraft/common@1.2.0)(@minecraft/vanilla-data@1.21.90-preview.20))(@occultus/core@0.18.2(@minecraft/server@2.3.0-beta.1.21.110-preview.20(@minecraft/common@1.2.0)(@minecraft/vanilla-data@1.21.90-preview.20))))
      '@occultus/math-api': 0.18.0(@minecraft/server@2.3.0-beta.1.21.110-preview.20(@minecraft/common@1.2.0)(@minecraft/vanilla-data@1.21.90-preview.20))(@occultus/core@0.18.2(@minecraft/server@2.3.0-beta.1.21.110-preview.20(@minecraft/common@1.2.0)(@minecraft/vanilla-data@1.21.90-preview.20)))
      '@occultus/skill-api': 0.18.0(@minecraft/server@2.3.0-beta.1.21.110-preview.20(@minecraft/common@1.2.0)(@minecraft/vanilla-data@1.21.90-preview.20))(@occultus/core@0.18.2(@minecraft/server@2.3.0-beta.1.21.110-preview.20(@minecraft/common@1.2.0)(@minecraft/vanilla-data@1.21.90-preview.20)))(@occultus/math-api@0.18.0(@minecraft/server@2.3.0-beta.1.21.110-preview.20(@minecraft/common@1.2.0)(@minecraft/vanilla-data@1.21.90-preview.20))(@occultus/core@0.18.2(@minecraft/server@2.3.0-beta.1.21.110-preview.20(@minecraft/common@1.2.0)(@minecraft/vanilla-data@1.21.90-preview.20))))

  '@occultus/logger-api@0.18.0(@minecraft/server@2.3.0-beta.1.21.110-preview.20(@minecraft/common@1.2.0)(@minecraft/vanilla-data@1.21.90-preview.20))(@occultus/core@0.18.2(@minecraft/server@2.3.0-beta.1.21.110-preview.20(@minecraft/common@1.2.0)(@minecraft/vanilla-data@1.21.90-preview.20)))':
    dependencies:
      '@minecraft/server': 2.3.0-beta.1.21.110-preview.20(@minecraft/common@1.2.0)(@minecraft/vanilla-data@1.21.90-preview.20)
      '@occultus/format-api': 0.18.0
      '@occultus/time-api': 0.18.0(@minecraft/server@2.3.0-beta.1.21.110-preview.20(@minecraft/common@1.2.0)(@minecraft/vanilla-data@1.21.90-preview.20))(@occultus/core@0.18.2(@minecraft/server@2.3.0-beta.1.21.110-preview.20(@minecraft/common@1.2.0)(@minecraft/vanilla-data@1.21.90-preview.20)))
    transitivePeerDependencies:
      - '@occultus/core'

  '@occultus/loot-api@0.17.3(@minecraft/server-ui@2.1.0-beta.1.21.110-preview.20(@minecraft/common@1.2.0)(@minecraft/server@2.3.0-beta.1.21.110-preview.20(@minecraft/common@1.2.0)(@minecraft/vanilla-data@1.21.90-preview.20)))(@minecraft/server@2.3.0-beta.1.21.110-preview.20(@minecraft/common@1.2.0)(@minecraft/vanilla-data@1.21.90-preview.20))(@occultus/core@0.18.2(@minecraft/server@2.3.0-beta.1.21.110-preview.20(@minecraft/common@1.2.0)(@minecraft/vanilla-data@1.21.90-preview.20)))':
    dependencies:
      '@minecraft/server': 2.3.0-beta.1.21.110-preview.20(@minecraft/common@1.2.0)(@minecraft/vanilla-data@1.21.90-preview.20)
      '@minecraft/server-ui': 2.1.0-beta.1.21.110-preview.20(@minecraft/common@1.2.0)(@minecraft/server@2.3.0-beta.1.21.110-preview.20(@minecraft/common@1.2.0)(@minecraft/vanilla-data@1.21.90-preview.20))
      '@occultus/core': 0.18.2(@minecraft/server@2.3.0-beta.1.21.110-preview.20(@minecraft/common@1.2.0)(@minecraft/vanilla-data@1.21.90-preview.20))

  '@occultus/math-api@0.18.0(@minecraft/server@2.3.0-beta.1.21.110-preview.20(@minecraft/common@1.2.0)(@minecraft/vanilla-data@1.21.90-preview.20))(@occultus/core@0.18.2(@minecraft/server@2.3.0-beta.1.21.110-preview.20(@minecraft/common@1.2.0)(@minecraft/vanilla-data@1.21.90-preview.20)))':
    dependencies:
      '@minecraft/server': 2.3.0-beta.1.21.110-preview.20(@minecraft/common@1.2.0)(@minecraft/vanilla-data@1.21.90-preview.20)
      '@occultus/core': 0.18.2(@minecraft/server@2.3.0-beta.1.21.110-preview.20(@minecraft/common@1.2.0)(@minecraft/vanilla-data@1.21.90-preview.20))

  '@occultus/music-api@0.18.0(@minecraft/server@2.3.0-beta.1.21.110-preview.20(@minecraft/common@1.2.0)(@minecraft/vanilla-data@1.21.90-preview.20))(@occultus/core@0.18.2(@minecraft/server@2.3.0-beta.1.21.110-preview.20(@minecraft/common@1.2.0)(@minecraft/vanilla-data@1.21.90-preview.20)))':
    dependencies:
      '@minecraft/server': 2.3.0-beta.1.21.110-preview.20(@minecraft/common@1.2.0)(@minecraft/vanilla-data@1.21.90-preview.20)
      '@occultus/core': 0.18.2(@minecraft/server@2.3.0-beta.1.21.110-preview.20(@minecraft/common@1.2.0)(@minecraft/vanilla-data@1.21.90-preview.20))
      '@occultus/format-api': 0.18.0

  '@occultus/notification-api@0.18.0(@minecraft/server@2.3.0-beta.1.21.110-preview.20(@minecraft/common@1.2.0)(@minecraft/vanilla-data@1.21.90-preview.20))(@occultus/core@0.18.2(@minecraft/server@2.3.0-beta.1.21.110-preview.20(@minecraft/common@1.2.0)(@minecraft/vanilla-data@1.21.90-preview.20)))':
    dependencies:
      '@minecraft/server': 2.3.0-beta.1.21.110-preview.20(@minecraft/common@1.2.0)(@minecraft/vanilla-data@1.21.90-preview.20)
      '@occultus/core': 0.18.2(@minecraft/server@2.3.0-beta.1.21.110-preview.20(@minecraft/common@1.2.0)(@minecraft/vanilla-data@1.21.90-preview.20))
      '@occultus/text-api': 0.18.0(@minecraft/server@2.3.0-beta.1.21.110-preview.20(@minecraft/common@1.2.0)(@minecraft/vanilla-data@1.21.90-preview.20))(@occultus/core@0.18.2(@minecraft/server@2.3.0-beta.1.21.110-preview.20(@minecraft/common@1.2.0)(@minecraft/vanilla-data@1.21.90-preview.20)))

  '@occultus/random-api@0.18.0(@minecraft/server@2.3.0-beta.1.21.110-preview.20(@minecraft/common@1.2.0)(@minecraft/vanilla-data@1.21.90-preview.20))(@occultus/core@0.18.2(@minecraft/server@2.3.0-beta.1.21.110-preview.20(@minecraft/common@1.2.0)(@minecraft/vanilla-data@1.21.90-preview.20)))':
    dependencies:
      '@minecraft/server': 2.3.0-beta.1.21.110-preview.20(@minecraft/common@1.2.0)(@minecraft/vanilla-data@1.21.90-preview.20)
      '@occultus/core': 0.18.2(@minecraft/server@2.3.0-beta.1.21.110-preview.20(@minecraft/common@1.2.0)(@minecraft/vanilla-data@1.21.90-preview.20))
      '@occultus/math-api': 0.18.0(@minecraft/server@2.3.0-beta.1.21.110-preview.20(@minecraft/common@1.2.0)(@minecraft/vanilla-data@1.21.90-preview.20))(@occultus/core@0.18.2(@minecraft/server@2.3.0-beta.1.21.110-preview.20(@minecraft/common@1.2.0)(@minecraft/vanilla-data@1.21.90-preview.20)))

  '@occultus/skill-api@0.18.0(@minecraft/server@2.3.0-beta.1.21.110-preview.20(@minecraft/common@1.2.0)(@minecraft/vanilla-data@1.21.90-preview.20))(@occultus/core@0.18.2(@minecraft/server@2.3.0-beta.1.21.110-preview.20(@minecraft/common@1.2.0)(@minecraft/vanilla-data@1.21.90-preview.20)))(@occultus/math-api@0.18.0(@minecraft/server@2.3.0-beta.1.21.110-preview.20(@minecraft/common@1.2.0)(@minecraft/vanilla-data@1.21.90-preview.20))(@occultus/core@0.18.2(@minecraft/server@2.3.0-beta.1.21.110-preview.20(@minecraft/common@1.2.0)(@minecraft/vanilla-data@1.21.90-preview.20))))':
    dependencies:
      '@minecraft/server': 2.3.0-beta.1.21.110-preview.20(@minecraft/common@1.2.0)(@minecraft/vanilla-data@1.21.90-preview.20)
      '@occultus/core': 0.18.2(@minecraft/server@2.3.0-beta.1.21.110-preview.20(@minecraft/common@1.2.0)(@minecraft/vanilla-data@1.21.90-preview.20))
      '@occultus/entity-api': 0.18.0(@minecraft/server@2.3.0-beta.1.21.110-preview.20(@minecraft/common@1.2.0)(@minecraft/vanilla-data@1.21.90-preview.20))(@occultus/core@0.18.2(@minecraft/server@2.3.0-beta.1.21.110-preview.20(@minecraft/common@1.2.0)(@minecraft/vanilla-data@1.21.90-preview.20)))(@occultus/math-api@0.18.0(@minecraft/server@2.3.0-beta.1.21.110-preview.20(@minecraft/common@1.2.0)(@minecraft/vanilla-data@1.21.90-preview.20))(@occultus/core@0.18.2(@minecraft/server@2.3.0-beta.1.21.110-preview.20(@minecraft/common@1.2.0)(@minecraft/vanilla-data@1.21.90-preview.20))))
    transitivePeerDependencies:
      - '@occultus/math-api'

  '@occultus/task-api@0.18.0(@minecraft/server-ui@2.1.0-beta.1.21.110-preview.20(@minecraft/common@1.2.0)(@minecraft/server@2.3.0-beta.1.21.110-preview.20(@minecraft/common@1.2.0)(@minecraft/vanilla-data@1.21.90-preview.20)))(@minecraft/server@2.3.0-beta.1.21.110-preview.20(@minecraft/common@1.2.0)(@minecraft/vanilla-data@1.21.90-preview.20))(@occultus/core@0.18.2(@minecraft/server@2.3.0-beta.1.21.110-preview.20(@minecraft/common@1.2.0)(@minecraft/vanilla-data@1.21.90-preview.20)))(@occultus/math-api@0.18.0(@minecraft/server@2.3.0-beta.1.21.110-preview.20(@minecraft/common@1.2.0)(@minecraft/vanilla-data@1.21.90-preview.20))(@occultus/core@0.18.2(@minecraft/server@2.3.0-beta.1.21.110-preview.20(@minecraft/common@1.2.0)(@minecraft/vanilla-data@1.21.90-preview.20))))':
    dependencies:
      '@minecraft/server': 2.3.0-beta.1.21.110-preview.20(@minecraft/common@1.2.0)(@minecraft/vanilla-data@1.21.90-preview.20)
      '@minecraft/server-ui': 2.1.0-beta.1.21.110-preview.20(@minecraft/common@1.2.0)(@minecraft/server@2.3.0-beta.1.21.110-preview.20(@minecraft/common@1.2.0)(@minecraft/vanilla-data@1.21.90-preview.20))
      '@occultus/core': 0.18.2(@minecraft/server@2.3.0-beta.1.21.110-preview.20(@minecraft/common@1.2.0)(@minecraft/vanilla-data@1.21.90-preview.20))
      '@occultus/entity-api': 0.18.0(@minecraft/server@2.3.0-beta.1.21.110-preview.20(@minecraft/common@1.2.0)(@minecraft/vanilla-data@1.21.90-preview.20))(@occultus/core@0.18.2(@minecraft/server@2.3.0-beta.1.21.110-preview.20(@minecraft/common@1.2.0)(@minecraft/vanilla-data@1.21.90-preview.20)))(@occultus/math-api@0.18.0(@minecraft/server@2.3.0-beta.1.21.110-preview.20(@minecraft/common@1.2.0)(@minecraft/vanilla-data@1.21.90-preview.20))(@occultus/core@0.18.2(@minecraft/server@2.3.0-beta.1.21.110-preview.20(@minecraft/common@1.2.0)(@minecraft/vanilla-data@1.21.90-preview.20))))
      '@occultus/format-api': 0.18.0
      '@occultus/item-api': 0.18.0(@minecraft/server@2.3.0-beta.1.21.110-preview.20(@minecraft/common@1.2.0)(@minecraft/vanilla-data@1.21.90-preview.20))(@occultus/core@0.18.2(@minecraft/server@2.3.0-beta.1.21.110-preview.20(@minecraft/common@1.2.0)(@minecraft/vanilla-data@1.21.90-preview.20)))
      '@occultus/text-api': 0.18.0(@minecraft/server@2.3.0-beta.1.21.110-preview.20(@minecraft/common@1.2.0)(@minecraft/vanilla-data@1.21.90-preview.20))(@occultus/core@0.18.2(@minecraft/server@2.3.0-beta.1.21.110-preview.20(@minecraft/common@1.2.0)(@minecraft/vanilla-data@1.21.90-preview.20)))
    transitivePeerDependencies:
      - '@occultus/math-api'

  '@occultus/text-api@0.18.0(@minecraft/server@2.3.0-beta.1.21.110-preview.20(@minecraft/common@1.2.0)(@minecraft/vanilla-data@1.21.90-preview.20))(@occultus/core@0.18.2(@minecraft/server@2.3.0-beta.1.21.110-preview.20(@minecraft/common@1.2.0)(@minecraft/vanilla-data@1.21.90-preview.20)))':
    dependencies:
      '@minecraft/server': 2.3.0-beta.1.21.110-preview.20(@minecraft/common@1.2.0)(@minecraft/vanilla-data@1.21.90-preview.20)
      '@occultus/core': 0.18.2(@minecraft/server@2.3.0-beta.1.21.110-preview.20(@minecraft/common@1.2.0)(@minecraft/vanilla-data@1.21.90-preview.20))

  '@occultus/time-api@0.18.0(@minecraft/server@2.3.0-beta.1.21.110-preview.20(@minecraft/common@1.2.0)(@minecraft/vanilla-data@1.21.90-preview.20))(@occultus/core@0.18.2(@minecraft/server@2.3.0-beta.1.21.110-preview.20(@minecraft/common@1.2.0)(@minecraft/vanilla-data@1.21.90-preview.20)))':
    dependencies:
      '@minecraft/server': 2.3.0-beta.1.21.110-preview.20(@minecraft/common@1.2.0)(@minecraft/vanilla-data@1.21.90-preview.20)
      '@occultus/core': 0.18.2(@minecraft/server@2.3.0-beta.1.21.110-preview.20(@minecraft/common@1.2.0)(@minecraft/vanilla-data@1.21.90-preview.20))

  '@shikijs/engine-oniguruma@3.7.0':
    dependencies:
      '@shikijs/types': 3.7.0
      '@shikijs/vscode-textmate': 10.0.2

  '@shikijs/langs@3.7.0':
    dependencies:
      '@shikijs/types': 3.7.0

  '@shikijs/themes@3.7.0':
    dependencies:
      '@shikijs/types': 3.7.0

  '@shikijs/types@3.7.0':
    dependencies:
      '@shikijs/vscode-textmate': 10.0.2
      '@types/hast': 3.0.4

  '@shikijs/vscode-textmate@10.0.2': {}

  '@types/hast@3.0.4':
    dependencies:
      '@types/unist': 3.0.3

  '@types/unist@3.0.3': {}

  argparse@2.0.1: {}

  balanced-match@1.0.2: {}

  brace-expansion@2.0.1:
    dependencies:
      balanced-match: 1.0.2

  entities@4.5.0: {}

  linkify-it@5.0.0:
    dependencies:
      uc.micro: 2.1.0

  lunr@2.3.9: {}

  markdown-it@14.1.0:
    dependencies:
      argparse: 2.0.1
      entities: 4.5.0
      linkify-it: 5.0.0
      mdurl: 2.0.0
      punycode.js: 2.3.1
      uc.micro: 2.1.0

  mdurl@2.0.0: {}

  minimatch@9.0.5:
    dependencies:
      brace-expansion: 2.0.1

  punycode.js@2.3.1: {}

  typedoc-material-theme@1.4.0(typedoc@0.28.7(typescript@5.8.3)):
    dependencies:
      '@material/material-color-utilities': 0.3.0
      typedoc: 0.28.7(typescript@5.8.3)

  typedoc@0.28.7(typescript@5.8.3):
    dependencies:
      '@gerrit0/mini-shiki': 3.7.0
      lunr: 2.3.9
      markdown-it: 14.1.0
      minimatch: 9.0.5
      typescript: 5.8.3
      yaml: 2.8.0

  typescript@5.8.3: {}

  uc.micro@2.1.0: {}

  yaml@2.8.0: {}
